// !$*UTF8*$!
{
	archiveVersion = 1;
	classes = {
	};
	objectVersion = 46;
	objects = {

/* Begin PBXBuildFile section */
		A0064D401D3EA0E5007EF90F /* Explosion.sks in Resources */ = {isa = PBXBuildFile; fileRef = A0064D3E1D3EA0E5007EF90F /* Explosion.sks */; };
		A0064D411D3EA0E5007EF90F /* spark.png in Resources */ = {isa = PBXBuildFile; fileRef = A0064D3F1D3EA0E5007EF90F /* spark.png */; };
		A0064D431D3EA2E8007EF90F /* boxParticle.png in Resources */ = {isa = PBXBuildFile; fileRef = A0064D421D3EA2E8007EF90F /* boxParticle.png */; };
		A0064D451D3EA6FF007EF90F /* Explosion.wav in Resources */ = {isa = PBXBuildFile; fileRef = A0064D441D3EA6FF007EF90F /* Explosion.wav */; };
		B3058D6D1D7E25E9009B193E /* swipe.wav in Resources */ = {isa = PBXBuildFile; fileRef = B3058D6C1D7E25E9009B193E /* swipe.wav */; };
		B3058D6F1D7E25F3009B193E /* tap.wav in Resources */ = {isa = PBXBuildFile; fileRef = B3058D6E1D7E25F3009B193E /* tap.wav */; };
		B3058D721D7E267B009B193E /* Chartboost.framework in Frameworks */ = {isa = PBXBuildFile; fileRef = B3058D711D7E267B009B193E /* Chartboost.framework */; };
		B3058D741D7E2700009B193E /* UIKit.framework in Frameworks */ = {isa = PBXBuildFile; fileRef = B3058D731D7E2700009B193E /* UIKit.framework */; };
		B3058D761D7E2709009B193E /* CoreGraphics.framework in Frameworks */ = {isa = PBXBuildFile; fileRef = B3058D751D7E2709009B193E /* CoreGraphics.framework */; };
		B3058D781D7E2713009B193E /* Foundation.framework in Frameworks */ = {isa = PBXBuildFile; fileRef = B3058D771D7E2713009B193E /* Foundation.framework */; };
		B3058D7A1D7E27B1009B193E /* OptionsScene.sks in Resources */ = {isa = PBXBuildFile; fileRef = B3058D791D7E27B1009B193E /* OptionsScene.sks */; };
		B3058D7C1D7E27CE009B193E /* GameScene.sks in Resources */ = {isa = PBXBuildFile; fileRef = B3058D7B1D7E27CE009B193E /* GameScene.sks */; };
		B3058D7D1D7E28A8009B193E /* angrybirds-regular.ttf in Resources */ = {isa = PBXBuildFile; fileRef = B3058D701D7E2620009B193E /* angrybirds-regular.ttf */; };
		B335E2851D4D3FB600DEE6AD /* Obstacle3.sks in Resources */ = {isa = PBXBuildFile; fileRef = B335E2841D4D3FB600DEE6AD /* Obstacle3.sks */; };
		B3514FA91D5A9EA30098E6D4 /* SystemConfiguration.framework in Frameworks */ = {isa = PBXBuildFile; fileRef = B3514FA81D5A9EA30098E6D4 /* SystemConfiguration.framework */; };
		B3514FAB1D5A9EAB0098E6D4 /* AVFoundation.framework in Frameworks */ = {isa = PBXBuildFile; fileRef = B3514FAA1D5A9EAA0098E6D4 /* AVFoundation.framework */; };
		B3514FAD1D5A9EB30098E6D4 /* EventKit.framework in Frameworks */ = {isa = PBXBuildFile; fileRef = B3514FAC1D5A9EB30098E6D4 /* EventKit.framework */; };
		B3514FAF1D5A9EB80098E6D4 /* EventKitUI.framework in Frameworks */ = {isa = PBXBuildFile; fileRef = B3514FAE1D5A9EB80098E6D4 /* EventKitUI.framework */; };
		B3514FB11D5A9EBE0098E6D4 /* CoreData.framework in Frameworks */ = {isa = PBXBuildFile; fileRef = B3514FB01D5A9EBE0098E6D4 /* CoreData.framework */; };
		B3514FB31D5A9EC50098E6D4 /* CoreMedia.framework in Frameworks */ = {isa = PBXBuildFile; fileRef = B3514FB21D5A9EC50098E6D4 /* CoreMedia.framework */; };
		B3514FB51D5A9ECC0098E6D4 /* MediaPlayer.framework in Frameworks */ = {isa = PBXBuildFile; fileRef = B3514FB41D5A9ECC0098E6D4 /* MediaPlayer.framework */; };
		B3514FB71D5A9ED20098E6D4 /* AdSupport.framework in Frameworks */ = {isa = PBXBuildFile; fileRef = B3514FB61D5A9ED20098E6D4 /* AdSupport.framework */; };
		B3514FB91D5A9EDF0098E6D4 /* StoreKit.framework in Frameworks */ = {isa = PBXBuildFile; fileRef = B3514FB81D5A9EDF0098E6D4 /* StoreKit.framework */; };
		B3514FBB1D5A9EE70098E6D4 /* ImageIO.framework in Frameworks */ = {isa = PBXBuildFile; fileRef = B3514FBA1D5A9EE60098E6D4 /* ImageIO.framework */; };
		B3514FBE1D5A9F1D0098E6D4 /* geoDas-Bridging-Header.m in Sources */ = {isa = PBXBuildFile; fileRef = B3514FBD1D5A9F1D0098E6D4 /* geoDas-Bridging-Header.m */; };
		B35150121D5AA0230098E6D4 /* Constants.swift in Sources */ = {isa = PBXBuildFile; fileRef = B35150111D5AA0230098E6D4 /* Constants.swift */; };
		B35ED6431D53DF7500999876 /* MagitTest.sks in Resources */ = {isa = PBXBuildFile; fileRef = B35ED6421D53DF7500999876 /* MagitTest.sks */; };
		B35ED6471D53DF9F00999876 /* bokeh.png in Resources */ = {isa = PBXBuildFile; fileRef = B35ED6451D53DF9F00999876 /* bokeh.png */; };
		B375DA4B1D3DA77C00E9D529 /* Obstacle1.sks in Resources */ = {isa = PBXBuildFile; fileRef = B375DA4A1D3DA77C00E9D529 /* Obstacle1.sks */; };
		B385EE2B1D84B29F002EBEA4 /* branded-prize-large.png in Resources */ = {isa = PBXBuildFile; fileRef = B385EE0B1D84B29F002EBEA4 /* branded-prize-large.png */; };
		B385EE2C1D84B29F002EBEA4 /* branded-prize-medium.png in Resources */ = {isa = PBXBuildFile; fileRef = B385EE0C1D84B29F002EBEA4 /* branded-prize-medium.png */; };
		B385EE2D1D84B29F002EBEA4 /* branded-prize-small.png in Resources */ = {isa = PBXBuildFile; fileRef = B385EE0D1D84B29F002EBEA4 /* branded-prize-small.png */; };
		B385EE2E1D84B29F002EBEA4 /* branded-prize-3d-large.png in Resources */ = {isa = PBXBuildFile; fileRef = B385EE0F1D84B29F002EBEA4 /* branded-prize-3d-large.png */; };
		B385EE2F1D84B29F002EBEA4 /* branded-prize-3d-medium.png in Resources */ = {isa = PBXBuildFile; fileRef = B385EE101D84B29F002EBEA4 /* branded-prize-3d-medium.png */; };
		B385EE301D84B29F002EBEA4 /* branded-prize-3d-small.png in Resources */ = {isa = PBXBuildFile; fileRef = B385EE111D84B29F002EBEA4 /* branded-prize-3d-small.png */; };
		B385EE311D84B29F002EBEA4 /* branded-prize-button-large.png in Resources */ = {isa = PBXBuildFile; fileRef = B385EE131D84B29F002EBEA4 /* branded-prize-button-large.png */; };
		B385EE321D84B29F002EBEA4 /* branded-prize-button-medium.png in Resources */ = {isa = PBXBuildFile; fileRef = B385EE141D84B29F002EBEA4 /* branded-prize-button-medium.png */; };
		B385EE331D84B29F002EBEA4 /* branded-prize-button-small.png in Resources */ = {isa = PBXBuildFile; fileRef = B385EE151D84B29F002EBEA4 /* branded-prize-button-small.png */; };
		B385EE341D84B29F002EBEA4 /* m-button-circle-large.png in Resources */ = {isa = PBXBuildFile; fileRef = B385EE171D84B29F002EBEA4 /* m-button-circle-large.png */; };
		B385EE351D84B29F002EBEA4 /* m-button-circle-medium.png in Resources */ = {isa = PBXBuildFile; fileRef = B385EE181D84B29F002EBEA4 /* m-button-circle-medium.png */; };
		B385EE361D84B29F002EBEA4 /* m-button-circle-small.png in Resources */ = {isa = PBXBuildFile; fileRef = B385EE191D84B29F002EBEA4 /* m-button-circle-small.png */; };
		B385EE371D84B29F002EBEA4 /* m-button-rectangle-large.png in Resources */ = {isa = PBXBuildFile; fileRef = B385EE1B1D84B29F002EBEA4 /* m-button-rectangle-large.png */; };
		B385EE381D84B29F002EBEA4 /* m-button-rectangle-medium.png in Resources */ = {isa = PBXBuildFile; fileRef = B385EE1C1D84B29F002EBEA4 /* m-button-rectangle-medium.png */; };
		B385EE391D84B29F002EBEA4 /* m-button-rectangle-small.png in Resources */ = {isa = PBXBuildFile; fileRef = B385EE1D1D84B29F002EBEA4 /* m-button-rectangle-small.png */; };
		B385EE3A1D84B29F002EBEA4 /* m-dropper-large.png in Resources */ = {isa = PBXBuildFile; fileRef = B385EE1F1D84B29F002EBEA4 /* m-dropper-large.png */; };
		B385EE3B1D84B29F002EBEA4 /* m-dropper-medium.png in Resources */ = {isa = PBXBuildFile; fileRef = B385EE201D84B29F002EBEA4 /* m-dropper-medium.png */; };
		B385EE3C1D84B29F002EBEA4 /* m-dropper-small.png in Resources */ = {isa = PBXBuildFile; fileRef = B385EE211D84B29F002EBEA4 /* m-dropper-small.png */; };
		B385EE3D1D84B29F002EBEA4 /* m-trophy-large.png in Resources */ = {isa = PBXBuildFile; fileRef = B385EE231D84B29F002EBEA4 /* m-trophy-large.png */; };
		B385EE3E1D84B29F002EBEA4 /* m-trophy-medium.png in Resources */ = {isa = PBXBuildFile; fileRef = B385EE241D84B29F002EBEA4 /* m-trophy-medium.png */; };
		B385EE3F1D84B29F002EBEA4 /* m-trophy-small.png in Resources */ = {isa = PBXBuildFile; fileRef = B385EE251D84B29F002EBEA4 /* m-trophy-small.png */; };
		B385EE401D84B29F002EBEA4 /* non-branded-large.png in Resources */ = {isa = PBXBuildFile; fileRef = B385EE271D84B29F002EBEA4 /* non-branded-large.png */; };
		B385EE411D84B29F002EBEA4 /* non-branded-medium.png in Resources */ = {isa = PBXBuildFile; fileRef = B385EE281D84B29F002EBEA4 /* non-branded-medium.png */; };
		B385EE421D84B29F002EBEA4 /* non-branded-small.png in Resources */ = {isa = PBXBuildFile; fileRef = B385EE291D84B29F002EBEA4 /* non-branded-small.png */; };
		B385EE431D84B29F002EBEA4 /* libSessionMLocation.1.15.8.a in Frameworks */ = {isa = PBXBuildFile; fileRef = B385EE2A1D84B29F002EBEA4 /* libSessionMLocation.1.15.8.a */; };
		B39A416D1D5BFF8600A7BBFD /* GameScene.swift in Sources */ = {isa = PBXBuildFile; fileRef = B3CC3A231D37270300C51406 /* GameScene.swift */; };
		B39A416F1D5D70D500A7BBFD /* GameKit.framework in Frameworks */ = {isa = PBXBuildFile; fileRef = B39A416E1D5D70D500A7BBFD /* GameKit.framework */; };
		B39A41711D5D79E400A7BBFD /* GoogleMobileAds.framework in Frameworks */ = {isa = PBXBuildFile; fileRef = B39A41701D5D79E400A7BBFD /* GoogleMobileAds.framework */; };
		B39A41731D5D7A4E00A7BBFD /* GoogleService-Info.plist in Resources */ = {isa = PBXBuildFile; fileRef = B39A41721D5D7A4E00A7BBFD /* GoogleService-Info.plist */; };
		B39C8BA51D566D3500F2ABC1 /* Obstacle2.sks in Resources */ = {isa = PBXBuildFile; fileRef = B39C8BA41D566D3500F2ABC1 /* Obstacle2.sks */; };
		B39C8BA71D566DA800F2ABC1 /* Obstacle4.sks in Resources */ = {isa = PBXBuildFile; fileRef = B39C8BA61D566DA800F2ABC1 /* Obstacle4.sks */; };
		B39C8BAB1D567DF300F2ABC1 /* OptionsScene.swift in Sources */ = {isa = PBXBuildFile; fileRef = B39C8BAA1D567DF300F2ABC1 /* OptionsScene.swift */; };
		B3CC3A201D37270300C51406 /* AppDelegate.swift in Sources */ = {isa = PBXBuildFile; fileRef = B3CC3A1F1D37270300C51406 /* AppDelegate.swift */; };
		B3CC3A261D37270300C51406 /* GameViewController.swift in Sources */ = {isa = PBXBuildFile; fileRef = B3CC3A251D37270300C51406 /* GameViewController.swift */; };
		B3CC3A291D37270300C51406 /* Main.storyboard in Resources */ = {isa = PBXBuildFile; fileRef = B3CC3A271D37270300C51406 /* Main.storyboard */; };
		B3CC3A2B1D37270300C51406 /* Assets.xcassets in Resources */ = {isa = PBXBuildFile; fileRef = B3CC3A2A1D37270300C51406 /* Assets.xcassets */; };
		B3CC3A2E1D37270300C51406 /* LaunchScreen.storyboard in Resources */ = {isa = PBXBuildFile; fileRef = B3CC3A2C1D37270300C51406 /* LaunchScreen.storyboard */; };
/* End PBXBuildFile section */

/* Begin PBXFileReference section */
		A0064D3E1D3EA0E5007EF90F /* Explosion.sks */ = {isa = PBXFileReference; lastKnownFileType = file.sks; path = Explosion.sks; sourceTree = "<group>"; };
		A0064D3F1D3EA0E5007EF90F /* spark.png */ = {isa = PBXFileReference; lastKnownFileType = image.png; path = spark.png; sourceTree = "<group>"; };
		A0064D421D3EA2E8007EF90F /* boxParticle.png */ = {isa = PBXFileReference; lastKnownFileType = image.png; path = boxParticle.png; sourceTree = "<group>"; };
		A0064D441D3EA6FF007EF90F /* Explosion.wav */ = {isa = PBXFileReference; lastKnownFileType = audio.wav; path = Explosion.wav; sourceTree = "<group>"; };
		B3058D6C1D7E25E9009B193E /* swipe.wav */ = {isa = PBXFileReference; lastKnownFileType = audio.wav; path = swipe.wav; sourceTree = "<group>"; };
		B3058D6E1D7E25F3009B193E /* tap.wav */ = {isa = PBXFileReference; lastKnownFileType = audio.wav; path = tap.wav; sourceTree = "<group>"; };
		B3058D701D7E2620009B193E /* angrybirds-regular.ttf */ = {isa = PBXFileReference; lastKnownFileType = file; path = "angrybirds-regular.ttf"; sourceTree = "<group>"; };
		B3058D711D7E267B009B193E /* Chartboost.framework */ = {isa = PBXFileReference; lastKnownFileType = wrapper.framework; path = Chartboost.framework; sourceTree = "<group>"; };
		B3058D731D7E2700009B193E /* UIKit.framework */ = {isa = PBXFileReference; lastKnownFileType = wrapper.framework; name = UIKit.framework; path = System/Library/Frameworks/UIKit.framework; sourceTree = SDKROOT; };
		B3058D751D7E2709009B193E /* CoreGraphics.framework */ = {isa = PBXFileReference; lastKnownFileType = wrapper.framework; name = CoreGraphics.framework; path = System/Library/Frameworks/CoreGraphics.framework; sourceTree = SDKROOT; };
		B3058D771D7E2713009B193E /* Foundation.framework */ = {isa = PBXFileReference; lastKnownFileType = wrapper.framework; name = Foundation.framework; path = System/Library/Frameworks/Foundation.framework; sourceTree = SDKROOT; };
		B3058D791D7E27B1009B193E /* OptionsScene.sks */ = {isa = PBXFileReference; lastKnownFileType = file.sks; path = OptionsScene.sks; sourceTree = "<group>"; };
		B3058D7B1D7E27CE009B193E /* GameScene.sks */ = {isa = PBXFileReference; lastKnownFileType = file.sks; path = GameScene.sks; sourceTree = "<group>"; };
		B335E2841D4D3FB600DEE6AD /* Obstacle3.sks */ = {isa = PBXFileReference; lastKnownFileType = file.sks; path = Obstacle3.sks; sourceTree = "<group>"; };
		B33BB43D1D49814E00E0254B /* FlappyFont.TTF */ = {isa = PBXFileReference; lastKnownFileType = file; path = FlappyFont.TTF; sourceTree = "<group>"; };
		B3514FA81D5A9EA30098E6D4 /* SystemConfiguration.framework */ = {isa = PBXFileReference; lastKnownFileType = wrapper.framework; name = SystemConfiguration.framework; path = System/Library/Frameworks/SystemConfiguration.framework; sourceTree = SDKROOT; };
		B3514FAA1D5A9EAA0098E6D4 /* AVFoundation.framework */ = {isa = PBXFileReference; lastKnownFileType = wrapper.framework; name = AVFoundation.framework; path = System/Library/Frameworks/AVFoundation.framework; sourceTree = SDKROOT; };
		B3514FAC1D5A9EB30098E6D4 /* EventKit.framework */ = {isa = PBXFileReference; lastKnownFileType = wrapper.framework; name = EventKit.framework; path = System/Library/Frameworks/EventKit.framework; sourceTree = SDKROOT; };
		B3514FAE1D5A9EB80098E6D4 /* EventKitUI.framework */ = {isa = PBXFileReference; lastKnownFileType = wrapper.framework; name = EventKitUI.framework; path = System/Library/Frameworks/EventKitUI.framework; sourceTree = SDKROOT; };
		B3514FB01D5A9EBE0098E6D4 /* CoreData.framework */ = {isa = PBXFileReference; lastKnownFileType = wrapper.framework; name = CoreData.framework; path = System/Library/Frameworks/CoreData.framework; sourceTree = SDKROOT; };
		B3514FB21D5A9EC50098E6D4 /* CoreMedia.framework */ = {isa = PBXFileReference; lastKnownFileType = wrapper.framework; name = CoreMedia.framework; path = System/Library/Frameworks/CoreMedia.framework; sourceTree = SDKROOT; };
		B3514FB41D5A9ECC0098E6D4 /* MediaPlayer.framework */ = {isa = PBXFileReference; lastKnownFileType = wrapper.framework; name = MediaPlayer.framework; path = System/Library/Frameworks/MediaPlayer.framework; sourceTree = SDKROOT; };
		B3514FB61D5A9ED20098E6D4 /* AdSupport.framework */ = {isa = PBXFileReference; lastKnownFileType = wrapper.framework; name = AdSupport.framework; path = System/Library/Frameworks/AdSupport.framework; sourceTree = SDKROOT; };
		B3514FB81D5A9EDF0098E6D4 /* StoreKit.framework */ = {isa = PBXFileReference; lastKnownFileType = wrapper.framework; name = StoreKit.framework; path = System/Library/Frameworks/StoreKit.framework; sourceTree = SDKROOT; };
		B3514FBA1D5A9EE60098E6D4 /* ImageIO.framework */ = {isa = PBXFileReference; lastKnownFileType = wrapper.framework; name = ImageIO.framework; path = System/Library/Frameworks/ImageIO.framework; sourceTree = SDKROOT; };
		B3514FBC1D5A9F1D0098E6D4 /* geoDash-Bridging-Header.h */ = {isa = PBXFileReference; lastKnownFileType = sourcecode.c.h; path = "geoDash-Bridging-Header.h"; sourceTree = "<group>"; };
		B3514FBD1D5A9F1D0098E6D4 /* geoDas-Bridging-Header.m */ = {isa = PBXFileReference; fileEncoding = 4; lastKnownFileType = sourcecode.c.objc; path = "geoDas-Bridging-Header.m"; sourceTree = "<group>"; };
		B35150111D5AA0230098E6D4 /* Constants.swift */ = {isa = PBXFileReference; fileEncoding = 4; lastKnownFileType = sourcecode.swift; path = Constants.swift; sourceTree = "<group>"; };
		B35ED6421D53DF7500999876 /* MagitTest.sks */ = {isa = PBXFileReference; lastKnownFileType = file.sks; path = MagitTest.sks; sourceTree = "<group>"; };
		B35ED6451D53DF9F00999876 /* bokeh.png */ = {isa = PBXFileReference; lastKnownFileType = image.png; path = bokeh.png; sourceTree = "<group>"; };
		B375DA4A1D3DA77C00E9D529 /* Obstacle1.sks */ = {isa = PBXFileReference; lastKnownFileType = file.sks; name = Obstacle1.sks; path = ../Obstacle1.sks; sourceTree = "<group>"; };
		B385EDF51D84B29F002EBEA4 /* SessionM.h */ = {isa = PBXFileReference; fileEncoding = 4; lastKnownFileType = sourcecode.c.h; path = SessionM.h; sourceTree = "<group>"; };
		B385EDF61D84B29F002EBEA4 /* SMAchievementData.h */ = {isa = PBXFileReference; fileEncoding = 4; lastKnownFileType = sourcecode.c.h; path = SMAchievementData.h; sourceTree = "<group>"; };
		B385EDF71D84B29F002EBEA4 /* SMActivityFeedViewCell.h */ = {isa = PBXFileReference; fileEncoding = 4; lastKnownFileType = sourcecode.c.h; path = SMActivityFeedViewCell.h; sourceTree = "<group>"; };
		B385EDF81D84B29F002EBEA4 /* SMActivityFeedViewController.h */ = {isa = PBXFileReference; fileEncoding = 4; lastKnownFileType = sourcecode.c.h; path = SMActivityFeedViewController.h; sourceTree = "<group>"; };
		B385EDF91D84B29F002EBEA4 /* SMActivityViewController.h */ = {isa = PBXFileReference; fileEncoding = 4; lastKnownFileType = sourcecode.c.h; path = SMActivityViewController.h; sourceTree = "<group>"; };
		B385EDFA1D84B29F002EBEA4 /* SMContent.h */ = {isa = PBXFileReference; fileEncoding = 4; lastKnownFileType = sourcecode.c.h; path = SMContent.h; sourceTree = "<group>"; };
		B385EDFB1D84B29F002EBEA4 /* SMDefaultMessageView.h */ = {isa = PBXFileReference; fileEncoding = 4; lastKnownFileType = sourcecode.c.h; path = SMDefaultMessageView.h; sourceTree = "<group>"; };
		B385EDFC1D84B29F002EBEA4 /* SMFeedMessageData.h */ = {isa = PBXFileReference; fileEncoding = 4; lastKnownFileType = sourcecode.c.h; path = SMFeedMessageData.h; sourceTree = "<group>"; };
		B385EDFD1D84B29F002EBEA4 /* SMLoaderController.h */ = {isa = PBXFileReference; fileEncoding = 4; lastKnownFileType = sourcecode.c.h; path = SMLoaderController.h; sourceTree = "<group>"; };
		B385EDFE1D84B29F002EBEA4 /* SMLocationEvent.h */ = {isa = PBXFileReference; fileEncoding = 4; lastKnownFileType = sourcecode.c.h; path = SMLocationEvent.h; sourceTree = "<group>"; };
		B385EDFF1D84B29F002EBEA4 /* SMLocationManager.h */ = {isa = PBXFileReference; fileEncoding = 4; lastKnownFileType = sourcecode.c.h; path = SMLocationManager.h; sourceTree = "<group>"; };
		B385EE001D84B29F002EBEA4 /* SMMessageData.h */ = {isa = PBXFileReference; fileEncoding = 4; lastKnownFileType = sourcecode.c.h; path = SMMessageData.h; sourceTree = "<group>"; };
		B385EE011D84B29F002EBEA4 /* SMMessageView.h */ = {isa = PBXFileReference; fileEncoding = 4; lastKnownFileType = sourcecode.c.h; path = SMMessageView.h; sourceTree = "<group>"; };
		B385EE021D84B29F002EBEA4 /* SMNotificationMessageData.h */ = {isa = PBXFileReference; fileEncoding = 4; lastKnownFileType = sourcecode.c.h; path = SMNotificationMessageData.h; sourceTree = "<group>"; };
		B385EE031D84B29F002EBEA4 /* SMOrder.h */ = {isa = PBXFileReference; fileEncoding = 4; lastKnownFileType = sourcecode.c.h; path = SMOrder.h; sourceTree = "<group>"; };
		B385EE041D84B29F002EBEA4 /* SMPortalBarButtonItem.h */ = {isa = PBXFileReference; fileEncoding = 4; lastKnownFileType = sourcecode.c.h; path = SMPortalBarButtonItem.h; sourceTree = "<group>"; };
		B385EE051D84B29F002EBEA4 /* SMPortalButton.h */ = {isa = PBXFileReference; fileEncoding = 4; lastKnownFileType = sourcecode.c.h; path = SMPortalButton.h; sourceTree = "<group>"; };
		B385EE061D84B29F002EBEA4 /* SMReceipt.h */ = {isa = PBXFileReference; fileEncoding = 4; lastKnownFileType = sourcecode.c.h; path = SMReceipt.h; sourceTree = "<group>"; };
		B385EE071D84B29F002EBEA4 /* SMReceiptUploadViewController.h */ = {isa = PBXFileReference; fileEncoding = 4; lastKnownFileType = sourcecode.c.h; path = SMReceiptUploadViewController.h; sourceTree = "<group>"; };
		B385EE081D84B29F002EBEA4 /* SMReward.h */ = {isa = PBXFileReference; fileEncoding = 4; lastKnownFileType = sourcecode.c.h; path = SMReward.h; sourceTree = "<group>"; };
		B385EE0B1D84B29F002EBEA4 /* branded-prize-large.png */ = {isa = PBXFileReference; lastKnownFileType = image.png; path = "branded-prize-large.png"; sourceTree = "<group>"; };
		B385EE0C1D84B29F002EBEA4 /* branded-prize-medium.png */ = {isa = PBXFileReference; lastKnownFileType = image.png; path = "branded-prize-medium.png"; sourceTree = "<group>"; };
		B385EE0D1D84B29F002EBEA4 /* branded-prize-small.png */ = {isa = PBXFileReference; lastKnownFileType = image.png; path = "branded-prize-small.png"; sourceTree = "<group>"; };
		B385EE0F1D84B29F002EBEA4 /* branded-prize-3d-large.png */ = {isa = PBXFileReference; lastKnownFileType = image.png; path = "branded-prize-3d-large.png"; sourceTree = "<group>"; };
		B385EE101D84B29F002EBEA4 /* branded-prize-3d-medium.png */ = {isa = PBXFileReference; lastKnownFileType = image.png; path = "branded-prize-3d-medium.png"; sourceTree = "<group>"; };
		B385EE111D84B29F002EBEA4 /* branded-prize-3d-small.png */ = {isa = PBXFileReference; lastKnownFileType = image.png; path = "branded-prize-3d-small.png"; sourceTree = "<group>"; };
		B385EE131D84B29F002EBEA4 /* branded-prize-button-large.png */ = {isa = PBXFileReference; lastKnownFileType = image.png; path = "branded-prize-button-large.png"; sourceTree = "<group>"; };
		B385EE141D84B29F002EBEA4 /* branded-prize-button-medium.png */ = {isa = PBXFileReference; lastKnownFileType = image.png; path = "branded-prize-button-medium.png"; sourceTree = "<group>"; };
		B385EE151D84B29F002EBEA4 /* branded-prize-button-small.png */ = {isa = PBXFileReference; lastKnownFileType = image.png; path = "branded-prize-button-small.png"; sourceTree = "<group>"; };
		B385EE171D84B29F002EBEA4 /* m-button-circle-large.png */ = {isa = PBXFileReference; lastKnownFileType = image.png; path = "m-button-circle-large.png"; sourceTree = "<group>"; };
		B385EE181D84B29F002EBEA4 /* m-button-circle-medium.png */ = {isa = PBXFileReference; lastKnownFileType = image.png; path = "m-button-circle-medium.png"; sourceTree = "<group>"; };
		B385EE191D84B29F002EBEA4 /* m-button-circle-small.png */ = {isa = PBXFileReference; lastKnownFileType = image.png; path = "m-button-circle-small.png"; sourceTree = "<group>"; };
		B385EE1B1D84B29F002EBEA4 /* m-button-rectangle-large.png */ = {isa = PBXFileReference; lastKnownFileType = image.png; path = "m-button-rectangle-large.png"; sourceTree = "<group>"; };
		B385EE1C1D84B29F002EBEA4 /* m-button-rectangle-medium.png */ = {isa = PBXFileReference; lastKnownFileType = image.png; path = "m-button-rectangle-medium.png"; sourceTree = "<group>"; };
		B385EE1D1D84B29F002EBEA4 /* m-button-rectangle-small.png */ = {isa = PBXFileReference; lastKnownFileType = image.png; path = "m-button-rectangle-small.png"; sourceTree = "<group>"; };
		B385EE1F1D84B29F002EBEA4 /* m-dropper-large.png */ = {isa = PBXFileReference; lastKnownFileType = image.png; path = "m-dropper-large.png"; sourceTree = "<group>"; };
		B385EE201D84B29F002EBEA4 /* m-dropper-medium.png */ = {isa = PBXFileReference; lastKnownFileType = image.png; path = "m-dropper-medium.png"; sourceTree = "<group>"; };
		B385EE211D84B29F002EBEA4 /* m-dropper-small.png */ = {isa = PBXFileReference; lastKnownFileType = image.png; path = "m-dropper-small.png"; sourceTree = "<group>"; };
		B385EE231D84B29F002EBEA4 /* m-trophy-large.png */ = {isa = PBXFileReference; lastKnownFileType = image.png; path = "m-trophy-large.png"; sourceTree = "<group>"; };
		B385EE241D84B29F002EBEA4 /* m-trophy-medium.png */ = {isa = PBXFileReference; lastKnownFileType = image.png; path = "m-trophy-medium.png"; sourceTree = "<group>"; };
		B385EE251D84B29F002EBEA4 /* m-trophy-small.png */ = {isa = PBXFileReference; lastKnownFileType = image.png; path = "m-trophy-small.png"; sourceTree = "<group>"; };
		B385EE271D84B29F002EBEA4 /* non-branded-large.png */ = {isa = PBXFileReference; lastKnownFileType = image.png; path = "non-branded-large.png"; sourceTree = "<group>"; };
		B385EE281D84B29F002EBEA4 /* non-branded-medium.png */ = {isa = PBXFileReference; lastKnownFileType = image.png; path = "non-branded-medium.png"; sourceTree = "<group>"; };
		B385EE291D84B29F002EBEA4 /* non-branded-small.png */ = {isa = PBXFileReference; lastKnownFileType = image.png; path = "non-branded-small.png"; sourceTree = "<group>"; };
		B385EE2A1D84B29F002EBEA4 /* libSessionMLocation.1.15.8.a */ = {isa = PBXFileReference; lastKnownFileType = archive.ar; path = libSessionMLocation.1.15.8.a; sourceTree = "<group>"; };
		B39A416E1D5D70D500A7BBFD /* GameKit.framework */ = {isa = PBXFileReference; lastKnownFileType = wrapper.framework; name = GameKit.framework; path = System/Library/Frameworks/GameKit.framework; sourceTree = SDKROOT; };
		B39A41701D5D79E400A7BBFD /* GoogleMobileAds.framework */ = {isa = PBXFileReference; lastKnownFileType = wrapper.framework; path = GoogleMobileAds.framework; sourceTree = "<group>"; };
		B39A41721D5D7A4E00A7BBFD /* GoogleService-Info.plist */ = {isa = PBXFileReference; fileEncoding = 4; lastKnownFileType = text.plist.xml; path = "GoogleService-Info.plist"; sourceTree = "<group>"; };
		B39C8BA41D566D3500F2ABC1 /* Obstacle2.sks */ = {isa = PBXFileReference; lastKnownFileType = file.sks; path = Obstacle2.sks; sourceTree = "<group>"; };
		B39C8BA61D566DA800F2ABC1 /* Obstacle4.sks */ = {isa = PBXFileReference; lastKnownFileType = file.sks; path = Obstacle4.sks; sourceTree = "<group>"; };
		B39C8BAA1D567DF300F2ABC1 /* OptionsScene.swift */ = {isa = PBXFileReference; fileEncoding = 4; lastKnownFileType = sourcecode.swift; path = OptionsScene.swift; sourceTree = "<group>"; };
		B3CC3A1C1D37270300C51406 /* geoDash.app */ = {isa = PBXFileReference; explicitFileType = wrapper.application; includeInIndex = 0; path = geoDash.app; sourceTree = BUILT_PRODUCTS_DIR; };
		B3CC3A1F1D37270300C51406 /* AppDelegate.swift */ = {isa = PBXFileReference; lastKnownFileType = sourcecode.swift; path = AppDelegate.swift; sourceTree = "<group>"; };
		B3CC3A231D37270300C51406 /* GameScene.swift */ = {isa = PBXFileReference; lastKnownFileType = sourcecode.swift; path = GameScene.swift; sourceTree = "<group>"; };
		B3CC3A251D37270300C51406 /* GameViewController.swift */ = {isa = PBXFileReference; lastKnownFileType = sourcecode.swift; path = GameViewController.swift; sourceTree = "<group>"; };
		B3CC3A281D37270300C51406 /* Base */ = {isa = PBXFileReference; lastKnownFileType = file.storyboard; name = Base; path = Base.lproj/Main.storyboard; sourceTree = "<group>"; };
		B3CC3A2A1D37270300C51406 /* Assets.xcassets */ = {isa = PBXFileReference; lastKnownFileType = folder.assetcatalog; path = Assets.xcassets; sourceTree = "<group>"; };
		B3CC3A2D1D37270300C51406 /* Base */ = {isa = PBXFileReference; lastKnownFileType = file.storyboard; name = Base; path = Base.lproj/LaunchScreen.storyboard; sourceTree = "<group>"; };
		B3CC3A2F1D37270300C51406 /* Info.plist */ = {isa = PBXFileReference; lastKnownFileType = text.plist.xml; path = Info.plist; sourceTree = "<group>"; };
/* End PBXFileReference section */

/* Begin PBXFrameworksBuildPhase section */
		B3CC3A191D37270300C51406 /* Frameworks */ = {
			isa = PBXFrameworksBuildPhase;
			buildActionMask = 2147483647;
			files = (
				B3058D781D7E2713009B193E /* Foundation.framework in Frameworks */,
				B3058D761D7E2709009B193E /* CoreGraphics.framework in Frameworks */,
				B3058D741D7E2700009B193E /* UIKit.framework in Frameworks */,
				B385EE431D84B29F002EBEA4 /* libSessionMLocation.1.15.8.a in Frameworks */,
				B3514FBB1D5A9EE70098E6D4 /* ImageIO.framework in Frameworks */,
				B3514FB91D5A9EDF0098E6D4 /* StoreKit.framework in Frameworks */,
				B39A41711D5D79E400A7BBFD /* GoogleMobileAds.framework in Frameworks */,
				B3514FB71D5A9ED20098E6D4 /* AdSupport.framework in Frameworks */,
				B39A416F1D5D70D500A7BBFD /* GameKit.framework in Frameworks */,
				B3514FB51D5A9ECC0098E6D4 /* MediaPlayer.framework in Frameworks */,
				B3514FB31D5A9EC50098E6D4 /* CoreMedia.framework in Frameworks */,
				B3058D721D7E267B009B193E /* Chartboost.framework in Frameworks */,
				B3514FB11D5A9EBE0098E6D4 /* CoreData.framework in Frameworks */,
				B3514FAF1D5A9EB80098E6D4 /* EventKitUI.framework in Frameworks */,
				B3514FAD1D5A9EB30098E6D4 /* EventKit.framework in Frameworks */,
				B3514FAB1D5A9EAB0098E6D4 /* AVFoundation.framework in Frameworks */,
				B3514FA91D5A9EA30098E6D4 /* SystemConfiguration.framework in Frameworks */,
			);
			runOnlyForDeploymentPostprocessing = 0;
		};
/* End PBXFrameworksBuildPhase section */

/* Begin PBXGroup section */
		B3282BAB1D4D302000BDA39B /* Scenes */ = {
			isa = PBXGroup;
			children = (
				B3058D7B1D7E27CE009B193E /* GameScene.sks */,
				B3058D791D7E27B1009B193E /* OptionsScene.sks */,
				B39C8BA61D566DA800F2ABC1 /* Obstacle4.sks */,
				B39C8BA41D566D3500F2ABC1 /* Obstacle2.sks */,
				B335E2841D4D3FB600DEE6AD /* Obstacle3.sks */,
				B375DA4A1D3DA77C00E9D529 /* Obstacle1.sks */,
			);
			name = Scenes;
			sourceTree = "<group>";
		};
		B335E2861D4D497E00DEE6AD /* Resources */ = {
			isa = PBXGroup;
			children = (
				B3058D701D7E2620009B193E /* angrybirds-regular.ttf */,
				B3058D6E1D7E25F3009B193E /* tap.wav */,
				B3058D6C1D7E25E9009B193E /* swipe.wav */,
				A0064D3F1D3EA0E5007EF90F /* spark.png */,
				A0064D3E1D3EA0E5007EF90F /* Explosion.sks */,
				A0064D421D3EA2E8007EF90F /* boxParticle.png */,
				A0064D441D3EA6FF007EF90F /* Explosion.wav */,
				B33BB43D1D49814E00E0254B /* FlappyFont.TTF */,
				B35ED6421D53DF7500999876 /* MagitTest.sks */,
				B35ED6451D53DF9F00999876 /* bokeh.png */,
			);
			name = Resources;
			sourceTree = "<group>";
		};
		B35150101D5A9F980098E6D4 /* Frameworks */ = {
			isa = PBXGroup;
			children = (
				B385EDF31D84B29F002EBEA4 /* SessionMLocation-SDK */,
				B3058D771D7E2713009B193E /* Foundation.framework */,
				B3058D751D7E2709009B193E /* CoreGraphics.framework */,
				B3058D731D7E2700009B193E /* UIKit.framework */,
				B3058D711D7E267B009B193E /* Chartboost.framework */,
				B39A41701D5D79E400A7BBFD /* GoogleMobileAds.framework */,
				B39A416E1D5D70D500A7BBFD /* GameKit.framework */,
				B3514FBA1D5A9EE60098E6D4 /* ImageIO.framework */,
				B3514FB81D5A9EDF0098E6D4 /* StoreKit.framework */,
				B3514FB61D5A9ED20098E6D4 /* AdSupport.framework */,
				B3514FB41D5A9ECC0098E6D4 /* MediaPlayer.framework */,
				B3514FB21D5A9EC50098E6D4 /* CoreMedia.framework */,
				B3514FB01D5A9EBE0098E6D4 /* CoreData.framework */,
				B3514FAE1D5A9EB80098E6D4 /* EventKitUI.framework */,
				B3514FAC1D5A9EB30098E6D4 /* EventKit.framework */,
				B3514FAA1D5A9EAA0098E6D4 /* AVFoundation.framework */,
				B3514FA81D5A9EA30098E6D4 /* SystemConfiguration.framework */,
			);
			name = Frameworks;
			sourceTree = "<group>";
		};
		B385EDF31D84B29F002EBEA4 /* SessionMLocation-SDK */ = {
			isa = PBXGroup;
			children = (
				B385EDF41D84B29F002EBEA4 /* API */,
				B385EE091D84B29F002EBEA4 /* Assets */,
				B385EE2A1D84B29F002EBEA4 /* libSessionMLocation.1.15.8.a */,
			);
			path = "SessionMLocation-SDK";
			sourceTree = "<group>";
		};
		B385EDF41D84B29F002EBEA4 /* API */ = {
			isa = PBXGroup;
			children = (
				B385EDF51D84B29F002EBEA4 /* SessionM.h */,
				B385EDF61D84B29F002EBEA4 /* SMAchievementData.h */,
				B385EDF71D84B29F002EBEA4 /* SMActivityFeedViewCell.h */,
				B385EDF81D84B29F002EBEA4 /* SMActivityFeedViewController.h */,
				B385EDF91D84B29F002EBEA4 /* SMActivityViewController.h */,
				B385EDFA1D84B29F002EBEA4 /* SMContent.h */,
				B385EDFB1D84B29F002EBEA4 /* SMDefaultMessageView.h */,
				B385EDFC1D84B29F002EBEA4 /* SMFeedMessageData.h */,
				B385EDFD1D84B29F002EBEA4 /* SMLoaderController.h */,
				B385EDFE1D84B29F002EBEA4 /* SMLocationEvent.h */,
				B385EDFF1D84B29F002EBEA4 /* SMLocationManager.h */,
				B385EE001D84B29F002EBEA4 /* SMMessageData.h */,
				B385EE011D84B29F002EBEA4 /* SMMessageView.h */,
				B385EE021D84B29F002EBEA4 /* SMNotificationMessageData.h */,
				B385EE031D84B29F002EBEA4 /* SMOrder.h */,
				B385EE041D84B29F002EBEA4 /* SMPortalBarButtonItem.h */,
				B385EE051D84B29F002EBEA4 /* SMPortalButton.h */,
				B385EE061D84B29F002EBEA4 /* SMReceipt.h */,
				B385EE071D84B29F002EBEA4 /* SMReceiptUploadViewController.h */,
				B385EE081D84B29F002EBEA4 /* SMReward.h */,
			);
			path = API;
			sourceTree = "<group>";
		};
		B385EE091D84B29F002EBEA4 /* Assets */ = {
			isa = PBXGroup;
			children = (
				B385EE0A1D84B29F002EBEA4 /* branded-prize */,
				B385EE0E1D84B29F002EBEA4 /* branded-prize-3d */,
				B385EE121D84B29F002EBEA4 /* branded-prize-button */,
				B385EE161D84B29F002EBEA4 /* m-button-circle */,
				B385EE1A1D84B29F002EBEA4 /* m-button-rectangle */,
				B385EE1E1D84B29F002EBEA4 /* m-dropper */,
				B385EE221D84B29F002EBEA4 /* m-trophy */,
				B385EE261D84B29F002EBEA4 /* non-branded-prize */,
			);
			path = Assets;
			sourceTree = "<group>";
		};
		B385EE0A1D84B29F002EBEA4 /* branded-prize */ = {
			isa = PBXGroup;
			children = (
				B385EE0B1D84B29F002EBEA4 /* branded-prize-large.png */,
				B385EE0C1D84B29F002EBEA4 /* branded-prize-medium.png */,
				B385EE0D1D84B29F002EBEA4 /* branded-prize-small.png */,
			);
			path = "branded-prize";
			sourceTree = "<group>";
		};
		B385EE0E1D84B29F002EBEA4 /* branded-prize-3d */ = {
			isa = PBXGroup;
			children = (
				B385EE0F1D84B29F002EBEA4 /* branded-prize-3d-large.png */,
				B385EE101D84B29F002EBEA4 /* branded-prize-3d-medium.png */,
				B385EE111D84B29F002EBEA4 /* branded-prize-3d-small.png */,
			);
			path = "branded-prize-3d";
			sourceTree = "<group>";
		};
		B385EE121D84B29F002EBEA4 /* branded-prize-button */ = {
			isa = PBXGroup;
			children = (
				B385EE131D84B29F002EBEA4 /* branded-prize-button-large.png */,
				B385EE141D84B29F002EBEA4 /* branded-prize-button-medium.png */,
				B385EE151D84B29F002EBEA4 /* branded-prize-button-small.png */,
			);
			path = "branded-prize-button";
			sourceTree = "<group>";
		};
		B385EE161D84B29F002EBEA4 /* m-button-circle */ = {
			isa = PBXGroup;
			children = (
				B385EE171D84B29F002EBEA4 /* m-button-circle-large.png */,
				B385EE181D84B29F002EBEA4 /* m-button-circle-medium.png */,
				B385EE191D84B29F002EBEA4 /* m-button-circle-small.png */,
			);
			path = "m-button-circle";
			sourceTree = "<group>";
		};
		B385EE1A1D84B29F002EBEA4 /* m-button-rectangle */ = {
			isa = PBXGroup;
			children = (
				B385EE1B1D84B29F002EBEA4 /* m-button-rectangle-large.png */,
				B385EE1C1D84B29F002EBEA4 /* m-button-rectangle-medium.png */,
				B385EE1D1D84B29F002EBEA4 /* m-button-rectangle-small.png */,
			);
			path = "m-button-rectangle";
			sourceTree = "<group>";
		};
		B385EE1E1D84B29F002EBEA4 /* m-dropper */ = {
			isa = PBXGroup;
			children = (
				B385EE1F1D84B29F002EBEA4 /* m-dropper-large.png */,
				B385EE201D84B29F002EBEA4 /* m-dropper-medium.png */,
				B385EE211D84B29F002EBEA4 /* m-dropper-small.png */,
			);
			path = "m-dropper";
			sourceTree = "<group>";
		};
		B385EE221D84B29F002EBEA4 /* m-trophy */ = {
			isa = PBXGroup;
			children = (
				B385EE231D84B29F002EBEA4 /* m-trophy-large.png */,
				B385EE241D84B29F002EBEA4 /* m-trophy-medium.png */,
				B385EE251D84B29F002EBEA4 /* m-trophy-small.png */,
			);
			path = "m-trophy";
			sourceTree = "<group>";
		};
		B385EE261D84B29F002EBEA4 /* non-branded-prize */ = {
			isa = PBXGroup;
			children = (
				B385EE271D84B29F002EBEA4 /* non-branded-large.png */,
				B385EE281D84B29F002EBEA4 /* non-branded-medium.png */,
				B385EE291D84B29F002EBEA4 /* non-branded-small.png */,
			);
			path = "non-branded-prize";
			sourceTree = "<group>";
		};
		B3CC3A131D37270200C51406 = {
			isa = PBXGroup;
			children = (
				B35150101D5A9F980098E6D4 /* Frameworks */,
				B3CC3A1E1D37270300C51406 /* geoDash */,
				B3CC3A1D1D37270300C51406 /* Products */,
			);
			sourceTree = "<group>";
		};
		B3CC3A1D1D37270300C51406 /* Products */ = {
			isa = PBXGroup;
			children = (
				B3CC3A1C1D37270300C51406 /* geoDash.app */,
			);
			name = Products;
			sourceTree = "<group>";
		};
		B3CC3A1E1D37270300C51406 /* geoDash */ = {
			isa = PBXGroup;
			children = (
				B39A41721D5D7A4E00A7BBFD /* GoogleService-Info.plist */,
				B335E2861D4D497E00DEE6AD /* Resources */,
				B3282BAB1D4D302000BDA39B /* Scenes */,
				B3CC3A1F1D37270300C51406 /* AppDelegate.swift */,
				B35150111D5AA0230098E6D4 /* Constants.swift */,
				B3CC3A231D37270300C51406 /* GameScene.swift */,
				B39C8BAA1D567DF300F2ABC1 /* OptionsScene.swift */,
				B3CC3A251D37270300C51406 /* GameViewController.swift */,
				B3CC3A271D37270300C51406 /* Main.storyboard */,
				B3CC3A2A1D37270300C51406 /* Assets.xcassets */,
				B3CC3A2C1D37270300C51406 /* LaunchScreen.storyboard */,
				B3CC3A2F1D37270300C51406 /* Info.plist */,
				B3514FBD1D5A9F1D0098E6D4 /* geoDas-Bridging-Header.m */,
				B3514FBC1D5A9F1D0098E6D4 /* geoDash-Bridging-Header.h */,
			);
			path = geoDash;
			sourceTree = "<group>";
		};
/* End PBXGroup section */

/* Begin PBXNativeTarget section */
		B3CC3A1B1D37270300C51406 /* geoDash */ = {
			isa = PBXNativeTarget;
			buildConfigurationList = B3CC3A321D37270300C51406 /* Build configuration list for PBXNativeTarget "geoDash" */;
			buildPhases = (
				B3CC3A181D37270300C51406 /* Sources */,
				B3CC3A191D37270300C51406 /* Frameworks */,
				B3CC3A1A1D37270300C51406 /* Resources */,
			);
			buildRules = (
			);
			dependencies = (
			);
			name = geoDash;
			productName = geoDash;
			productReference = B3CC3A1C1D37270300C51406 /* geoDash.app */;
			productType = "com.apple.product-type.application";
		};
/* End PBXNativeTarget section */

/* Begin PBXProject section */
		B3CC3A141D37270200C51406 /* Project object */ = {
			isa = PBXProject;
			attributes = {
				LastSwiftUpdateCheck = 0730;
				LastUpgradeCheck = 0730;
				ORGANIZATIONNAME = "Aldin Fajic";
				TargetAttributes = {
					B3CC3A1B1D37270300C51406 = {
						CreatedOnToolsVersion = 7.3;
						DevelopmentTeam = AS4JYR527U;
						SystemCapabilities = {
							com.apple.GameCenter = {
								enabled = 1;
							};
						};
					};
				};
			};
			buildConfigurationList = B3CC3A171D37270300C51406 /* Build configuration list for PBXProject "geoDash" */;
			compatibilityVersion = "Xcode 3.2";
			developmentRegion = English;
			hasScannedForEncodings = 0;
			knownRegions = (
				en,
				Base,
			);
			mainGroup = B3CC3A131D37270200C51406;
			productRefGroup = B3CC3A1D1D37270300C51406 /* Products */;
			projectDirPath = "";
			projectRoot = "";
			targets = (
				B3CC3A1B1D37270300C51406 /* geoDash */,
			);
		};
/* End PBXProject section */

/* Begin PBXResourcesBuildPhase section */
		B3CC3A1A1D37270300C51406 /* Resources */ = {
			isa = PBXResourcesBuildPhase;
			buildActionMask = 2147483647;
			files = (
				B3058D7C1D7E27CE009B193E /* GameScene.sks in Resources */,
				B385EE361D84B29F002EBEA4 /* m-button-circle-small.png in Resources */,
				B3CC3A2E1D37270300C51406 /* LaunchScreen.storyboard in Resources */,
				B385EE3B1D84B29F002EBEA4 /* m-dropper-medium.png in Resources */,
				B385EE341D84B29F002EBEA4 /* m-button-circle-large.png in Resources */,
				B3CC3A2B1D37270300C51406 /* Assets.xcassets in Resources */,
				B385EE331D84B29F002EBEA4 /* branded-prize-button-small.png in Resources */,
				B385EE3E1D84B29F002EBEA4 /* m-trophy-medium.png in Resources */,
				B385EE3D1D84B29F002EBEA4 /* m-trophy-large.png in Resources */,
				A0064D411D3EA0E5007EF90F /* spark.png in Resources */,
				B385EE391D84B29F002EBEA4 /* m-button-rectangle-small.png in Resources */,
				B385EE401D84B29F002EBEA4 /* non-branded-large.png in Resources */,
				B39C8BA71D566DA800F2ABC1 /* Obstacle4.sks in Resources */,
				B39A41731D5D7A4E00A7BBFD /* GoogleService-Info.plist in Resources */,
				B385EE301D84B29F002EBEA4 /* branded-prize-3d-small.png in Resources */,
				B385EE411D84B29F002EBEA4 /* non-branded-medium.png in Resources */,
				B335E2851D4D3FB600DEE6AD /* Obstacle3.sks in Resources */,
				B3058D7D1D7E28A8009B193E /* angrybirds-regular.ttf in Resources */,
				B385EE321D84B29F002EBEA4 /* branded-prize-button-medium.png in Resources */,
				B385EE3C1D84B29F002EBEA4 /* m-dropper-small.png in Resources */,
				B385EE351D84B29F002EBEA4 /* m-button-circle-medium.png in Resources */,
				B385EE3F1D84B29F002EBEA4 /* m-trophy-small.png in Resources */,
				B375DA4B1D3DA77C00E9D529 /* Obstacle1.sks in Resources */,
				A0064D451D3EA6FF007EF90F /* Explosion.wav in Resources */,
				B3CC3A291D37270300C51406 /* Main.storyboard in Resources */,
				B39C8BA51D566D3500F2ABC1 /* Obstacle2.sks in Resources */,
				B3058D7A1D7E27B1009B193E /* OptionsScene.sks in Resources */,
				B385EE381D84B29F002EBEA4 /* m-button-rectangle-medium.png in Resources */,
				B385EE2C1D84B29F002EBEA4 /* branded-prize-medium.png in Resources */,
				A0064D401D3EA0E5007EF90F /* Explosion.sks in Resources */,
				B385EE2F1D84B29F002EBEA4 /* branded-prize-3d-medium.png in Resources */,
				B385EE311D84B29F002EBEA4 /* branded-prize-button-large.png in Resources */,
				B3058D6F1D7E25F3009B193E /* tap.wav in Resources */,
				B385EE3A1D84B29F002EBEA4 /* m-dropper-large.png in Resources */,
				B35ED6471D53DF9F00999876 /* bokeh.png in Resources */,
				B385EE2D1D84B29F002EBEA4 /* branded-prize-small.png in Resources */,
				B35ED6431D53DF7500999876 /* MagitTest.sks in Resources */,
				B385EE2B1D84B29F002EBEA4 /* branded-prize-large.png in Resources */,
				B385EE2E1D84B29F002EBEA4 /* branded-prize-3d-large.png in Resources */,
				B3058D6D1D7E25E9009B193E /* swipe.wav in Resources */,
				A0064D431D3EA2E8007EF90F /* boxParticle.png in Resources */,
				B385EE421D84B29F002EBEA4 /* non-branded-small.png in Resources */,
				B385EE371D84B29F002EBEA4 /* m-button-rectangle-large.png in Resources */,
			);
			runOnlyForDeploymentPostprocessing = 0;
		};
/* End PBXResourcesBuildPhase section */

/* Begin PBXSourcesBuildPhase section */
		B3CC3A181D37270300C51406 /* Sources */ = {
			isa = PBXSourcesBuildPhase;
			buildActionMask = 2147483647;
			files = (
				B39A416D1D5BFF8600A7BBFD /* GameScene.swift in Sources */,
				B3CC3A261D37270300C51406 /* GameViewController.swift in Sources */,
				B3CC3A201D37270300C51406 /* AppDelegate.swift in Sources */,
				B39C8BAB1D567DF300F2ABC1 /* OptionsScene.swift in Sources */,
				B3514FBE1D5A9F1D0098E6D4 /* geoDas-Bridging-Header.m in Sources */,
				B35150121D5AA0230098E6D4 /* Constants.swift in Sources */,
			);
			runOnlyForDeploymentPostprocessing = 0;
		};
/* End PBXSourcesBuildPhase section */

/* Begin PBXVariantGroup section */
		B3CC3A271D37270300C51406 /* Main.storyboard */ = {
			isa = PBXVariantGroup;
			children = (
				B3CC3A281D37270300C51406 /* Base */,
			);
			name = Main.storyboard;
			sourceTree = "<group>";
		};
		B3CC3A2C1D37270300C51406 /* LaunchScreen.storyboard */ = {
			isa = PBXVariantGroup;
			children = (
				B3CC3A2D1D37270300C51406 /* Base */,
			);
			name = LaunchScreen.storyboard;
			sourceTree = "<group>";
		};
/* End PBXVariantGroup section */

/* Begin XCBuildConfiguration section */
		B3CC3A301D37270300C51406 /* Debug */ = {
			isa = XCBuildConfiguration;
			buildSettings = {
				ALWAYS_SEARCH_USER_PATHS = NO;
				CLANG_ANALYZER_NONNULL = YES;
				CLANG_CXX_LANGUAGE_STANDARD = "gnu++0x";
				CLANG_CXX_LIBRARY = "libc++";
				CLANG_ENABLE_MODULES = YES;
				CLANG_ENABLE_OBJC_ARC = YES;
				CLANG_WARN_BOOL_CONVERSION = YES;
				CLANG_WARN_CONSTANT_CONVERSION = YES;
				CLANG_WARN_DIRECT_OBJC_ISA_USAGE = YES_ERROR;
				CLANG_WARN_EMPTY_BODY = YES;
				CLANG_WARN_ENUM_CONVERSION = YES;
				CLANG_WARN_INT_CONVERSION = YES;
				CLANG_WARN_OBJC_ROOT_CLASS = YES_ERROR;
				CLANG_WARN_UNREACHABLE_CODE = YES;
				CLANG_WARN__DUPLICATE_METHOD_MATCH = YES;
				"CODE_SIGN_IDENTITY[sdk=iphoneos*]" = "iPhone Developer";
				COPY_PHASE_STRIP = NO;
				DEBUG_INFORMATION_FORMAT = "dwarf-with-dsym";
				ENABLE_STRICT_OBJC_MSGSEND = YES;
				ENABLE_TESTABILITY = YES;
				GCC_C_LANGUAGE_STANDARD = gnu99;
				GCC_DYNAMIC_NO_PIC = NO;
				GCC_NO_COMMON_BLOCKS = YES;
				GCC_OPTIMIZATION_LEVEL = 0;
				GCC_PREPROCESSOR_DEFINITIONS = (
					"DEBUG=1",
					"$(inherited)",
				);
				GCC_WARN_64_TO_32_BIT_CONVERSION = YES;
				GCC_WARN_ABOUT_RETURN_TYPE = YES_ERROR;
				GCC_WARN_UNDECLARED_SELECTOR = YES;
				GCC_WARN_UNINITIALIZED_AUTOS = YES_AGGRESSIVE;
				GCC_WARN_UNUSED_FUNCTION = YES;
				GCC_WARN_UNUSED_VARIABLE = YES;
				IPHONEOS_DEPLOYMENT_TARGET = 9.3;
				MTL_ENABLE_DEBUG_INFO = YES;
				ONLY_ACTIVE_ARCH = YES;
				SDKROOT = iphoneos;
				SWIFT_OPTIMIZATION_LEVEL = "-Onone";
			};
			name = Debug;
		};
		B3CC3A311D37270300C51406 /* Release */ = {
			isa = XCBuildConfiguration;
			buildSettings = {
				ALWAYS_SEARCH_USER_PATHS = NO;
				CLANG_ANALYZER_NONNULL = YES;
				CLANG_CXX_LANGUAGE_STANDARD = "gnu++0x";
				CLANG_CXX_LIBRARY = "libc++";
				CLANG_ENABLE_MODULES = YES;
				CLANG_ENABLE_OBJC_ARC = YES;
				CLANG_WARN_BOOL_CONVERSION = YES;
				CLANG_WARN_CONSTANT_CONVERSION = YES;
				CLANG_WARN_DIRECT_OBJC_ISA_USAGE = YES_ERROR;
				CLANG_WARN_EMPTY_BODY = YES;
				CLANG_WARN_ENUM_CONVERSION = YES;
				CLANG_WARN_INT_CONVERSION = YES;
				CLANG_WARN_OBJC_ROOT_CLASS = YES_ERROR;
				CLANG_WARN_UNREACHABLE_CODE = YES;
				CLANG_WARN__DUPLICATE_METHOD_MATCH = YES;
				"CODE_SIGN_IDENTITY[sdk=iphoneos*]" = "iPhone Developer";
				COPY_PHASE_STRIP = NO;
				DEBUG_INFORMATION_FORMAT = "dwarf-with-dsym";
				ENABLE_NS_ASSERTIONS = NO;
				ENABLE_STRICT_OBJC_MSGSEND = YES;
				GCC_C_LANGUAGE_STANDARD = gnu99;
				GCC_NO_COMMON_BLOCKS = YES;
				GCC_WARN_64_TO_32_BIT_CONVERSION = YES;
				GCC_WARN_ABOUT_RETURN_TYPE = YES_ERROR;
				GCC_WARN_UNDECLARED_SELECTOR = YES;
				GCC_WARN_UNINITIALIZED_AUTOS = YES_AGGRESSIVE;
				GCC_WARN_UNUSED_FUNCTION = YES;
				GCC_WARN_UNUSED_VARIABLE = YES;
				IPHONEOS_DEPLOYMENT_TARGET = 9.3;
				MTL_ENABLE_DEBUG_INFO = NO;
				SDKROOT = iphoneos;
				VALIDATE_PRODUCT = YES;
			};
			name = Release;
		};
		B3CC3A331D37270300C51406 /* Debug */ = {
			isa = XCBuildConfiguration;
			buildSettings = {
				ASSETCATALOG_COMPILER_APPICON_NAME = AppIcon;
				CLANG_ENABLE_MODULES = YES;
				FRAMEWORK_SEARCH_PATHS = (
					"$(inherited)",
					"$(PROJECT_DIR)",
				);
				INFOPLIST_FILE = geoDash/Info.plist;
				LD_RUNPATH_SEARCH_PATHS = "$(inherited) @executable_path/Frameworks";
				LIBRARY_SEARCH_PATHS = (
					"$(inherited)",
					"$(PROJECT_DIR)/SessionMLocation-SDK",
				);
				PRODUCT_BUNDLE_IDENTIFIER = com.app.afajic.geoDash;
				PRODUCT_NAME = "$(TARGET_NAME)";
				SWIFT_OBJC_BRIDGING_HEADER = "geoDash/geoDash-Bridging-Header.h";
				SWIFT_OPTIMIZATION_LEVEL = "-Onone";
				TARGETED_DEVICE_FAMILY = "1,2";
			};
			name = Debug;
		};
		B3CC3A341D37270300C51406 /* Release */ = {
			isa = XCBuildConfiguration;
			buildSettings = {
				ASSETCATALOG_COMPILER_APPICON_NAME = AppIcon;
				CLANG_ENABLE_MODULES = YES;
				FRAMEWORK_SEARCH_PATHS = (
					"$(inherited)",
					"$(PROJECT_DIR)",
				);
				INFOPLIST_FILE = geoDash/Info.plist;
				LD_RUNPATH_SEARCH_PATHS = "$(inherited) @executable_path/Frameworks";
				LIBRARY_SEARCH_PATHS = (
					"$(inherited)",
					"$(PROJECT_DIR)/SessionMLocation-SDK",
				);
				PRODUCT_BUNDLE_IDENTIFIER = com.app.afajic.geoDash;
				PRODUCT_NAME = "$(TARGET_NAME)";
				SWIFT_OBJC_BRIDGING_HEADER = "geoDash/geoDash-Bridging-Header.h";
				TARGETED_DEVICE_FAMILY = "1,2";
			};
			name = Release;
		};
/* End XCBuildConfiguration section */

/* Begin XCConfigurationList section */
		B3CC3A171D37270300C51406 /* Build configuration list for PBXProject "geoDash" */ = {
			isa = XCConfigurationList;
			buildConfigurations = (
				B3CC3A301D37270300C51406 /* Debug */,
				B3CC3A311D37270300C51406 /* Release */,
			);
			defaultConfigurationIsVisible = 0;
			defaultConfigurationName = Release;
		};
		B3CC3A321D37270300C51406 /* Build configuration list for PBXNativeTarget "geoDash" */ = {
			isa = XCConfigurationList;
			buildConfigurations = (
				B3CC3A331D37270300C51406 /* Debug */,
				B3CC3A341D37270300C51406 /* Release */,
			);
			defaultConfigurationIsVisible = 0;
			defaultConfigurationName = Release;
		};
/* End XCConfigurationList section */
	};
	rootObject = B3CC3A141D37270200C51406 /* Project object */;
}
